
Microsoft Visual Studio Solution File, Format Version 12.00
# Visual Studio Version 16
VisualStudioVersion = 16.0.810.6
MinimumVisualStudioVersion = 10.0.40219.1
Project("{FAE04EC0-301F-11D3-BF4B-00C04F79EFBC}") = "ProgramGODetector", "ProgramGODetector.csproj", "{C0593373-CE78-486C-8C88-559F1FF1079B}"
EndProject
Global
	GlobalSection(SolutionConfigurationPlatforms) = preSolution
		Debug|anycpu = Debug|anycpu
		Release|anycpu = Release|anycpu
	EndGlobalSection
	GlobalSection(ProjectConfigurationPlatforms) = postSolution
		{C0593373-CE78-486C-8C88-559F1FF1079B}.Debug|anycpu.ActiveCfg = Debug|anycpu
		{C0593373-CE78-486C-8C88-559F1FF1079B}.Debug|anycpu.Build.0 = Debug|anycpu
		{C0593373-CE78-486C-8C88-559F1FF1079B}.Release|anycpu.ActiveCfg = Release|Any CPU
		{C0593373-CE78-486C-8C88-559F1FF1079B}.Release|anycpu.Build.0 = Release|Any CPU
	EndGlobalSection
	GlobalSection(SolutionProperties) = preSolution
		HideSolutionNode = FALSE
	EndGlobalSection
	GlobalSection(ExtensibilityGlobals) = postSolution
		SolutionGuid = {CD3DEE82-3D5C-451B-8857-12E477858245}
	EndGlobalSection
EndGlobal
